{
  "name": "@nodenv/nodenv-update",
  "version": "0.2.0",
  "lockfileVersion": 1,
  "requires": true,
  "dependencies": {
    "brew-publish": {
      "version": "2.3.1",
      "resolved": "https://registry.npmjs.org/brew-publish/-/brew-publish-2.3.1.tgz",
      "integrity": "sha512-JtitWM9jtnQk2gerUbvpiYJqUPYrvU43Wet1FDm9w81nJJO4BLAeVLUTFWQTQkV7QtE3AVO203R/67NeTMxzVw==",
      "dev": true
    }
  }
}
