{
  "name": "@nodenv/nodenv-update",
  "version": "1.0.0",
  "lockfileVersion": 3,
  "requires": true,
  "packages": {
    "": {
      "name": "@nodenv/nodenv-update",
      "version": "1.0.0",
      "license": "MIT",
      "bin": {
        "nodenv-sh-update": "bin/nodenv-sh-update",
        "nodenv-update": "bin/nodenv-update"
      }
    }
  }
}
